
Microsoft Visual Studio Solution File, Format Version 11.00
# Visual Studio 2010
Project("{FAE04EC0-301F-11D3-BF4B-00C04F79EFBC}") = "GPG4Outlook", "OutlookGpg2010\GPG4Outlook.csproj", "{6ED56F67-63B2-419E-983E-5EA8A8511E82}"
EndProject
Project("{FAE04EC0-301F-11D3-BF4B-00C04F79EFBC}") = "GPG4OutlookLib", "GPG4Outlook\GPG4OutlookLib.csproj", "{9E2CE0E0-EFB7-41FD-BF24-1E12AB7DF129}"
EndProject
Project("{FAE04EC0-301F-11D3-BF4B-00C04F79EFBC}") = "GPG4OutlookTest", "GPG4OutlookTest\GPG4OutlookTest.csproj", "{F8D1FE61-4BE2-40D3-93A4-E38E41B7907A}"
EndProject
Project("{2150E333-8FDC-42A3-9474-1A3956D46DE8}") = "Solution Items", "Solution Items", "{800AF68E-2919-4DD1-B19D-0174DF44E85A}"
	ProjectSection(SolutionItems) = preProject
		Local.testsettings = Local.testsettings
		OutlookGpg2010.vsmdi = OutlookGpg2010.vsmdi
		TraceAndTestImpact.testsettings = TraceAndTestImpact.testsettings
	EndProjectSection
EndProject
Global
	GlobalSection(TestCaseManagementSettings) = postSolution
		CategoryFile = OutlookGpg2010.vsmdi
	EndGlobalSection
	GlobalSection(SolutionConfigurationPlatforms) = preSolution
		Debug|Any CPU = Debug|Any CPU
		Release|Any CPU = Release|Any CPU
	EndGlobalSection
	GlobalSection(ProjectConfigurationPlatforms) = postSolution
		{6ED56F67-63B2-419E-983E-5EA8A8511E82}.Debug|Any CPU.ActiveCfg = Debug|Any CPU
		{6ED56F67-63B2-419E-983E-5EA8A8511E82}.Debug|Any CPU.Build.0 = Debug|Any CPU
		{6ED56F67-63B2-419E-983E-5EA8A8511E82}.Release|Any CPU.ActiveCfg = Release|Any CPU
		{6ED56F67-63B2-419E-983E-5EA8A8511E82}.Release|Any CPU.Build.0 = Release|Any CPU
		{9E2CE0E0-EFB7-41FD-BF24-1E12AB7DF129}.Debug|Any CPU.ActiveCfg = Debug|Any CPU
		{9E2CE0E0-EFB7-41FD-BF24-1E12AB7DF129}.Debug|Any CPU.Build.0 = Debug|Any CPU
		{9E2CE0E0-EFB7-41FD-BF24-1E12AB7DF129}.Release|Any CPU.ActiveCfg = Release|Any CPU
		{9E2CE0E0-EFB7-41FD-BF24-1E12AB7DF129}.Release|Any CPU.Build.0 = Release|Any CPU
		{F8D1FE61-4BE2-40D3-93A4-E38E41B7907A}.Debug|Any CPU.ActiveCfg = Debug|Any CPU
		{F8D1FE61-4BE2-40D3-93A4-E38E41B7907A}.Debug|Any CPU.Build.0 = Debug|Any CPU
		{F8D1FE61-4BE2-40D3-93A4-E38E41B7907A}.Release|Any CPU.ActiveCfg = Release|Any CPU
		{F8D1FE61-4BE2-40D3-93A4-E38E41B7907A}.Release|Any CPU.Build.0 = Release|Any CPU
	EndGlobalSection
	GlobalSection(SolutionProperties) = preSolution
		HideSolutionNode = FALSE
	EndGlobalSection
EndGlobal
